// !$*UTF8*$!
{
	archiveVersion = 1;
	classes = {
	};
	objectVersion = 56;
	objects = {

/* Begin PBXBuildFile section */
		E400E4692A19A50F00A38FCF /* TechnicalProjectAppView.swift in Sources */ = {isa = PBXBuildFile; fileRef = E400E4682A19A50F00A38FCF /* TechnicalProjectAppView.swift */; };
		E42537C029EE3FAE00C48E34 /* WeSplitLearningPointsView.swift in Sources */ = {isa = PBXBuildFile; fileRef = E42537BF29EE3FAE00C48E34 /* WeSplitLearningPointsView.swift */; };
		E42AEF2A2A50D4150036AD1B /* BetterRestAppView.swift in Sources */ = {isa = PBXBuildFile; fileRef = E42AEF292A50D4150036AD1B /* BetterRestAppView.swift */; };
		E42AEF2D2A50D5C20036AD1B /* BetterRest.csv in Resources */ = {isa = PBXBuildFile; fileRef = E42AEF2B2A50D5C20036AD1B /* BetterRest.csv */; };
		E42AEF2E2A50D5C20036AD1B /* SleepCalculator.mlmodel in Sources */ = {isa = PBXBuildFile; fileRef = E42AEF2C2A50D5C20036AD1B /* SleepCalculator.mlmodel */; };
		E42AEF312A5101810036AD1B /* WordScrambleAppView.swift in Sources */ = {isa = PBXBuildFile; fileRef = E42AEF302A5101810036AD1B /* WordScrambleAppView.swift */; };
		E42AEF332A5101920036AD1B /* start.txt in Resources */ = {isa = PBXBuildFile; fileRef = E42AEF322A5101920036AD1B /* start.txt */; };
		E42AEF362A525F080036AD1B /* AnimationsAppView.swift in Sources */ = {isa = PBXBuildFile; fileRef = E42AEF352A525F080036AD1B /* AnimationsAppView.swift */; };
		E42AEF3B2A63097D0036AD1B /* MultiplyTablesGameAppView.swift in Sources */ = {isa = PBXBuildFile; fileRef = E42AEF3A2A63097D0036AD1B /* MultiplyTablesGameAppView.swift */; };
		E450BEAE2AD465AA00D92B8A /* iExpenseAppView.swift in Sources */ = {isa = PBXBuildFile; fileRef = E450BEAD2AD465AA00D92B8A /* iExpenseAppView.swift */; };
		E450BEB02AD46CF300D92B8A /* iExpenseSecondAppView.swift in Sources */ = {isa = PBXBuildFile; fileRef = E450BEAF2AD46CF300D92B8A /* iExpenseSecondAppView.swift */; };
		E4781BF029E217FA00DC2020 /* hundred_days_with_swiftuiApp.swift in Sources */ = {isa = PBXBuildFile; fileRef = E4781BEF29E217FA00DC2020 /* hundred_days_with_swiftuiApp.swift */; };
		E4781BF229E217FA00DC2020 /* Persistence.swift in Sources */ = {isa = PBXBuildFile; fileRef = E4781BF129E217FA00DC2020 /* Persistence.swift */; };
		E4781BF529E217FA00DC2020 /* hundred_days_with_swiftui.xcdatamodeld in Sources */ = {isa = PBXBuildFile; fileRef = E4781BF329E217FA00DC2020 /* hundred_days_with_swiftui.xcdatamodeld */; };
		E4781BF729E217FA00DC2020 /* WeSplitAppContentView.swift in Sources */ = {isa = PBXBuildFile; fileRef = E4781BF629E217FA00DC2020 /* WeSplitAppContentView.swift */; };
		E4781BF929E217FB00DC2020 /* Assets.xcassets in Resources */ = {isa = PBXBuildFile; fileRef = E4781BF829E217FB00DC2020 /* Assets.xcassets */; };
		E4781BFD29E217FB00DC2020 /* Preview Assets.xcassets in Resources */ = {isa = PBXBuildFile; fileRef = E4781BFC29E217FB00DC2020 /* Preview Assets.xcassets */; };
		E4781C0729E217FB00DC2020 /* hundred_days_with_swiftuiTests.swift in Sources */ = {isa = PBXBuildFile; fileRef = E4781C0629E217FB00DC2020 /* hundred_days_with_swiftuiTests.swift */; };
		E4781C1129E217FB00DC2020 /* hundred_days_with_swiftuiUITests.swift in Sources */ = {isa = PBXBuildFile; fileRef = E4781C1029E217FB00DC2020 /* hundred_days_with_swiftuiUITests.swift */; };
		E4781C1329E217FB00DC2020 /* hundred_days_with_swiftuiUITestsLaunchTests.swift in Sources */ = {isa = PBXBuildFile; fileRef = E4781C1229E217FB00DC2020 /* hundred_days_with_swiftuiUITestsLaunchTests.swift */; };
		E4EDC8A329FB5CDA00E1E134 /* TemperatureConverterView.swift in Sources */ = {isa = PBXBuildFile; fileRef = E4EDC8A229FB5CDA00E1E134 /* TemperatureConverterView.swift */; };
		E4EDC8A629FB607400E1E134 /* GuessTheFlagLearningPointsView.swift in Sources */ = {isa = PBXBuildFile; fileRef = E4EDC8A529FB607400E1E134 /* GuessTheFlagLearningPointsView.swift */; };
		E4EDC8A829FB642600E1E134 /* GuessTheFlagAppView.swift in Sources */ = {isa = PBXBuildFile; fileRef = E4EDC8A729FB642600E1E134 /* GuessTheFlagAppView.swift */; };
		E4EE78762A1C64E400B49F3C /* RockPaperScissorsAppView.swift in Sources */ = {isa = PBXBuildFile; fileRef = E4EE78752A1C64E400B49F3C /* RockPaperScissorsAppView.swift */; };
		E4FE4E8729F77C29002EF2AF /* UnitConverterAppView.swift in Sources */ = {isa = PBXBuildFile; fileRef = E4FE4E8629F77C29002EF2AF /* UnitConverterAppView.swift */; };
/* End PBXBuildFile section */

/* Begin PBXContainerItemProxy section */
		E4781C0329E217FB00DC2020 /* PBXContainerItemProxy */ = {
			isa = PBXContainerItemProxy;
			containerPortal = E4781BE429E217FA00DC2020 /* Project object */;
			proxyType = 1;
			remoteGlobalIDString = E4781BEB29E217FA00DC2020;
			remoteInfo = "hundred-days-with-swiftui";
		};
		E4781C0D29E217FB00DC2020 /* PBXContainerItemProxy */ = {
			isa = PBXContainerItemProxy;
			containerPortal = E4781BE429E217FA00DC2020 /* Project object */;
			proxyType = 1;
			remoteGlobalIDString = E4781BEB29E217FA00DC2020;
			remoteInfo = "hundred-days-with-swiftui";
		};
/* End PBXContainerItemProxy section */

/* Begin PBXFileReference section */
		E400E4682A19A50F00A38FCF /* TechnicalProjectAppView.swift */ = {isa = PBXFileReference; lastKnownFileType = sourcecode.swift; path = TechnicalProjectAppView.swift; sourceTree = "<group>"; };
		E42537BF29EE3FAE00C48E34 /* WeSplitLearningPointsView.swift */ = {isa = PBXFileReference; lastKnownFileType = sourcecode.swift; path = WeSplitLearningPointsView.swift; sourceTree = "<group>"; };
		E42AEF292A50D4150036AD1B /* BetterRestAppView.swift */ = {isa = PBXFileReference; lastKnownFileType = sourcecode.swift; path = BetterRestAppView.swift; sourceTree = "<group>"; };
		E42AEF2B2A50D5C20036AD1B /* BetterRest.csv */ = {isa = PBXFileReference; fileEncoding = 4; lastKnownFileType = text; path = BetterRest.csv; sourceTree = "<group>"; };
		E42AEF2C2A50D5C20036AD1B /* SleepCalculator.mlmodel */ = {isa = PBXFileReference; lastKnownFileType = file.mlmodel; path = SleepCalculator.mlmodel; sourceTree = "<group>"; };
		E42AEF302A5101810036AD1B /* WordScrambleAppView.swift */ = {isa = PBXFileReference; lastKnownFileType = sourcecode.swift; path = WordScrambleAppView.swift; sourceTree = "<group>"; };
		E42AEF322A5101920036AD1B /* start.txt */ = {isa = PBXFileReference; fileEncoding = 4; lastKnownFileType = text; path = start.txt; sourceTree = "<group>"; };
		E42AEF352A525F080036AD1B /* AnimationsAppView.swift */ = {isa = PBXFileReference; lastKnownFileType = sourcecode.swift; path = AnimationsAppView.swift; sourceTree = "<group>"; };
		E42AEF3A2A63097D0036AD1B /* MultiplyTablesGameAppView.swift */ = {isa = PBXFileReference; lastKnownFileType = sourcecode.swift; path = MultiplyTablesGameAppView.swift; sourceTree = "<group>"; };
		E450BEAD2AD465AA00D92B8A /* iExpenseAppView.swift */ = {isa = PBXFileReference; lastKnownFileType = sourcecode.swift; path = iExpenseAppView.swift; sourceTree = "<group>"; };
		E450BEAF2AD46CF300D92B8A /* iExpenseSecondAppView.swift */ = {isa = PBXFileReference; lastKnownFileType = sourcecode.swift; path = iExpenseSecondAppView.swift; sourceTree = "<group>"; };
		E4781BEC29E217FA00DC2020 /* hundred-days-with-swiftui.app */ = {isa = PBXFileReference; explicitFileType = wrapper.application; includeInIndex = 0; path = "hundred-days-with-swiftui.app"; sourceTree = BUILT_PRODUCTS_DIR; };
		E4781BEF29E217FA00DC2020 /* hundred_days_with_swiftuiApp.swift */ = {isa = PBXFileReference; lastKnownFileType = sourcecode.swift; path = hundred_days_with_swiftuiApp.swift; sourceTree = "<group>"; };
		E4781BF129E217FA00DC2020 /* Persistence.swift */ = {isa = PBXFileReference; lastKnownFileType = sourcecode.swift; path = Persistence.swift; sourceTree = "<group>"; };
		E4781BF429E217FA00DC2020 /* hundred_days_with_swiftui.xcdatamodel */ = {isa = PBXFileReference; lastKnownFileType = wrapper.xcdatamodel; path = hundred_days_with_swiftui.xcdatamodel; sourceTree = "<group>"; };
		E4781BF629E217FA00DC2020 /* WeSplitAppContentView.swift */ = {isa = PBXFileReference; lastKnownFileType = sourcecode.swift; path = WeSplitAppContentView.swift; sourceTree = "<group>"; };
		E4781BF829E217FB00DC2020 /* Assets.xcassets */ = {isa = PBXFileReference; lastKnownFileType = folder.assetcatalog; path = Assets.xcassets; sourceTree = "<group>"; };
		E4781BFA29E217FB00DC2020 /* hundred_days_with_swiftui.entitlements */ = {isa = PBXFileReference; lastKnownFileType = text.plist.entitlements; path = hundred_days_with_swiftui.entitlements; sourceTree = "<group>"; };
		E4781BFC29E217FB00DC2020 /* Preview Assets.xcassets */ = {isa = PBXFileReference; lastKnownFileType = folder.assetcatalog; path = "Preview Assets.xcassets"; sourceTree = "<group>"; };
		E4781C0229E217FB00DC2020 /* hundred-days-with-swiftuiTests.xctest */ = {isa = PBXFileReference; explicitFileType = wrapper.cfbundle; includeInIndex = 0; path = "hundred-days-with-swiftuiTests.xctest"; sourceTree = BUILT_PRODUCTS_DIR; };
		E4781C0629E217FB00DC2020 /* hundred_days_with_swiftuiTests.swift */ = {isa = PBXFileReference; lastKnownFileType = sourcecode.swift; path = hundred_days_with_swiftuiTests.swift; sourceTree = "<group>"; };
		E4781C0C29E217FB00DC2020 /* hundred-days-with-swiftuiUITests.xctest */ = {isa = PBXFileReference; explicitFileType = wrapper.cfbundle; includeInIndex = 0; path = "hundred-days-with-swiftuiUITests.xctest"; sourceTree = BUILT_PRODUCTS_DIR; };
		E4781C1029E217FB00DC2020 /* hundred_days_with_swiftuiUITests.swift */ = {isa = PBXFileReference; lastKnownFileType = sourcecode.swift; path = hundred_days_with_swiftuiUITests.swift; sourceTree = "<group>"; };
		E4781C1229E217FB00DC2020 /* hundred_days_with_swiftuiUITestsLaunchTests.swift */ = {isa = PBXFileReference; lastKnownFileType = sourcecode.swift; path = hundred_days_with_swiftuiUITestsLaunchTests.swift; sourceTree = "<group>"; };
		E4781C2229E2191800DC2020 /* SwiftBasics.playground */ = {isa = PBXFileReference; lastKnownFileType = file.playground; path = SwiftBasics.playground; sourceTree = "<group>"; xcLanguageSpecificationIdentifier = xcode.lang.swift; };
		E4EDC8A229FB5CDA00E1E134 /* TemperatureConverterView.swift */ = {isa = PBXFileReference; lastKnownFileType = sourcecode.swift; path = TemperatureConverterView.swift; sourceTree = "<group>"; };
		E4EDC8A529FB607400E1E134 /* GuessTheFlagLearningPointsView.swift */ = {isa = PBXFileReference; lastKnownFileType = sourcecode.swift; path = GuessTheFlagLearningPointsView.swift; sourceTree = "<group>"; };
		E4EDC8A729FB642600E1E134 /* GuessTheFlagAppView.swift */ = {isa = PBXFileReference; lastKnownFileType = sourcecode.swift; path = GuessTheFlagAppView.swift; sourceTree = "<group>"; };
		E4EE78752A1C64E400B49F3C /* RockPaperScissorsAppView.swift */ = {isa = PBXFileReference; lastKnownFileType = sourcecode.swift; path = RockPaperScissorsAppView.swift; sourceTree = "<group>"; };
		E4FE4E8629F77C29002EF2AF /* UnitConverterAppView.swift */ = {isa = PBXFileReference; lastKnownFileType = sourcecode.swift; path = UnitConverterAppView.swift; sourceTree = "<group>"; };
/* End PBXFileReference section */

/* Begin PBXFrameworksBuildPhase section */
		E4781BE929E217FA00DC2020 /* Frameworks */ = {
			isa = PBXFrameworksBuildPhase;
			buildActionMask = 2147483647;
			files = (
			);
			runOnlyForDeploymentPostprocessing = 0;
		};
		E4781BFF29E217FB00DC2020 /* Frameworks */ = {
			isa = PBXFrameworksBuildPhase;
			buildActionMask = 2147483647;
			files = (
			);
			runOnlyForDeploymentPostprocessing = 0;
		};
		E4781C0929E217FB00DC2020 /* Frameworks */ = {
			isa = PBXFrameworksBuildPhase;
			buildActionMask = 2147483647;
			files = (
			);
			runOnlyForDeploymentPostprocessing = 0;
		};
/* End PBXFrameworksBuildPhase section */

/* Begin PBXGroup section */
		E400E4672A19A4E800A38FCF /* RockPaperScissorApp */ = {
			isa = PBXGroup;
			children = (
				E400E4682A19A50F00A38FCF /* TechnicalProjectAppView.swift */,
				E4EE78752A1C64E400B49F3C /* RockPaperScissorsAppView.swift */,
			);
			path = RockPaperScissorApp;
			sourceTree = "<group>";
		};
		E42AEF282A50D3F20036AD1B /* BetterRestApp */ = {
			isa = PBXGroup;
			children = (
				E42AEF292A50D4150036AD1B /* BetterRestAppView.swift */,
				E42AEF2B2A50D5C20036AD1B /* BetterRest.csv */,
				E42AEF2C2A50D5C20036AD1B /* SleepCalculator.mlmodel */,
			);
			path = BetterRestApp;
			sourceTree = "<group>";
		};
		E42AEF2F2A5100C50036AD1B /* WordScrambleApp */ = {
			isa = PBXGroup;
			children = (
				E42AEF302A5101810036AD1B /* WordScrambleAppView.swift */,
				E42AEF322A5101920036AD1B /* start.txt */,
			);
			path = WordScrambleApp;
			sourceTree = "<group>";
		};
		E42AEF342A525EE40036AD1B /* AnimationsApp */ = {
			isa = PBXGroup;
			children = (
				E42AEF352A525F080036AD1B /* AnimationsAppView.swift */,
			);
			path = AnimationsApp;
			sourceTree = "<group>";
		};
		E42AEF372A59DED80036AD1B /* MultiplyTablesGameApp */ = {
			isa = PBXGroup;
			children = (
				E42AEF3A2A63097D0036AD1B /* MultiplyTablesGameAppView.swift */,
			);
			path = MultiplyTablesGameApp;
			sourceTree = "<group>";
		};
		E450BEAC2AD4642100D92B8A /* iExpenseApp */ = {
			isa = PBXGroup;
			children = (
				E450BEAD2AD465AA00D92B8A /* iExpenseAppView.swift */,
				E450BEAF2AD46CF300D92B8A /* iExpenseSecondAppView.swift */,
			);
			path = iExpenseApp;
			sourceTree = "<group>";
		};
		E4781BE329E217FA00DC2020 = {
			isa = PBXGroup;
			children = (
				E4781BEE29E217FA00DC2020 /* hundred-days-with-swiftui */,
				E4781C0529E217FB00DC2020 /* hundred-days-with-swiftuiTests */,
				E4781C0F29E217FB00DC2020 /* hundred-days-with-swiftuiUITests */,
				E4781BED29E217FA00DC2020 /* Products */,
			);
			sourceTree = "<group>";
		};
		E4781BED29E217FA00DC2020 /* Products */ = {
			isa = PBXGroup;
			children = (
				E4781BEC29E217FA00DC2020 /* hundred-days-with-swiftui.app */,
				E4781C0229E217FB00DC2020 /* hundred-days-with-swiftuiTests.xctest */,
				E4781C0C29E217FB00DC2020 /* hundred-days-with-swiftuiUITests.xctest */,
			);
			name = Products;
			sourceTree = "<group>";
		};
		E4781BEE29E217FA00DC2020 /* hundred-days-with-swiftui */ = {
			isa = PBXGroup;
			children = (
				E4781BEF29E217FA00DC2020 /* hundred_days_with_swiftuiApp.swift */,
				E4781C2229E2191800DC2020 /* SwiftBasics.playground */,
				E4781C2329E21C0100DC2020 /* WeSplitApp */,
				E4FE4E8529F77C0F002EF2AF /* UnitConverterApp */,
				E4EDC8A429FB605B00E1E134 /* GuessTheFlagApp */,
				E400E4672A19A4E800A38FCF /* RockPaperScissorApp */,
				E42AEF282A50D3F20036AD1B /* BetterRestApp */,
				E42AEF2F2A5100C50036AD1B /* WordScrambleApp */,
				E42AEF342A525EE40036AD1B /* AnimationsApp */,
				E42AEF372A59DED80036AD1B /* MultiplyTablesGameApp */,
				E450BEAC2AD4642100D92B8A /* iExpenseApp */,
				E4781BF129E217FA00DC2020 /* Persistence.swift */,
				E4781BF829E217FB00DC2020 /* Assets.xcassets */,
				E4781BFA29E217FB00DC2020 /* hundred_days_with_swiftui.entitlements */,
				E4781BF329E217FA00DC2020 /* hundred_days_with_swiftui.xcdatamodeld */,
				E4781BFB29E217FB00DC2020 /* Preview Content */,
			);
			path = "hundred-days-with-swiftui";
			sourceTree = "<group>";
		};
		E4781BFB29E217FB00DC2020 /* Preview Content */ = {
			isa = PBXGroup;
			children = (
				E4781BFC29E217FB00DC2020 /* Preview Assets.xcassets */,
			);
			path = "Preview Content";
			sourceTree = "<group>";
		};
		E4781C0529E217FB00DC2020 /* hundred-days-with-swiftuiTests */ = {
			isa = PBXGroup;
			children = (
				E4781C0629E217FB00DC2020 /* hundred_days_with_swiftuiTests.swift */,
			);
			path = "hundred-days-with-swiftuiTests";
			sourceTree = "<group>";
		};
		E4781C0F29E217FB00DC2020 /* hundred-days-with-swiftuiUITests */ = {
			isa = PBXGroup;
			children = (
				E4781C1029E217FB00DC2020 /* hundred_days_with_swiftuiUITests.swift */,
				E4781C1229E217FB00DC2020 /* hundred_days_with_swiftuiUITestsLaunchTests.swift */,
			);
			path = "hundred-days-with-swiftuiUITests";
			sourceTree = "<group>";
		};
		E4781C2329E21C0100DC2020 /* WeSplitApp */ = {
			isa = PBXGroup;
			children = (
				E42537BF29EE3FAE00C48E34 /* WeSplitLearningPointsView.swift */,
				E4781BF629E217FA00DC2020 /* WeSplitAppContentView.swift */,
			);
			path = WeSplitApp;
			sourceTree = "<group>";
		};
		E4EDC8A429FB605B00E1E134 /* GuessTheFlagApp */ = {
			isa = PBXGroup;
			children = (
				E4EDC8A529FB607400E1E134 /* GuessTheFlagLearningPointsView.swift */,
				E4EDC8A729FB642600E1E134 /* GuessTheFlagAppView.swift */,
			);
			path = GuessTheFlagApp;
			sourceTree = "<group>";
		};
		E4FE4E8529F77C0F002EF2AF /* UnitConverterApp */ = {
			isa = PBXGroup;
			children = (
				E4FE4E8629F77C29002EF2AF /* UnitConverterAppView.swift */,
				E4EDC8A229FB5CDA00E1E134 /* TemperatureConverterView.swift */,
			);
			path = UnitConverterApp;
			sourceTree = "<group>";
		};
/* End PBXGroup section */

/* Begin PBXNativeTarget section */
		E4781BEB29E217FA00DC2020 /* hundred-days-with-swiftui */ = {
			isa = PBXNativeTarget;
			buildConfigurationList = E4781C1629E217FB00DC2020 /* Build configuration list for PBXNativeTarget "hundred-days-with-swiftui" */;
			buildPhases = (
				E4781BE829E217FA00DC2020 /* Sources */,
				E4781BE929E217FA00DC2020 /* Frameworks */,
				E4781BEA29E217FA00DC2020 /* Resources */,
			);
			buildRules = (
			);
			dependencies = (
			);
			name = "hundred-days-with-swiftui";
			productName = "hundred-days-with-swiftui";
			productReference = E4781BEC29E217FA00DC2020 /* hundred-days-with-swiftui.app */;
			productType = "com.apple.product-type.application";
		};
		E4781C0129E217FB00DC2020 /* hundred-days-with-swiftuiTests */ = {
			isa = PBXNativeTarget;
			buildConfigurationList = E4781C1929E217FB00DC2020 /* Build configuration list for PBXNativeTarget "hundred-days-with-swiftuiTests" */;
			buildPhases = (
				E4781BFE29E217FB00DC2020 /* Sources */,
				E4781BFF29E217FB00DC2020 /* Frameworks */,
				E4781C0029E217FB00DC2020 /* Resources */,
			);
			buildRules = (
			);
			dependencies = (
				E4781C0429E217FB00DC2020 /* PBXTargetDependency */,
			);
			name = "hundred-days-with-swiftuiTests";
			productName = "hundred-days-with-swiftuiTests";
			productReference = E4781C0229E217FB00DC2020 /* hundred-days-with-swiftuiTests.xctest */;
			productType = "com.apple.product-type.bundle.unit-test";
		};
		E4781C0B29E217FB00DC2020 /* hundred-days-with-swiftuiUITests */ = {
			isa = PBXNativeTarget;
			buildConfigurationList = E4781C1C29E217FB00DC2020 /* Build configuration list for PBXNativeTarget "hundred-days-with-swiftuiUITests" */;
			buildPhases = (
				E4781C0829E217FB00DC2020 /* Sources */,
				E4781C0929E217FB00DC2020 /* Frameworks */,
				E4781C0A29E217FB00DC2020 /* Resources */,
			);
			buildRules = (
			);
			dependencies = (
				E4781C0E29E217FB00DC2020 /* PBXTargetDependency */,
			);
			name = "hundred-days-with-swiftuiUITests";
			productName = "hundred-days-with-swiftuiUITests";
			productReference = E4781C0C29E217FB00DC2020 /* hundred-days-with-swiftuiUITests.xctest */;
			productType = "com.apple.product-type.bundle.ui-testing";
		};
/* End PBXNativeTarget section */

/* Begin PBXProject section */
		E4781BE429E217FA00DC2020 /* Project object */ = {
			isa = PBXProject;
			attributes = {
				BuildIndependentTargetsInParallel = 1;
				LastSwiftUpdateCheck = 1430;
				LastUpgradeCheck = 1500;
				TargetAttributes = {
					E4781BEB29E217FA00DC2020 = {
						CreatedOnToolsVersion = 14.3;
					};
					E4781C0129E217FB00DC2020 = {
						CreatedOnToolsVersion = 14.3;
						TestTargetID = E4781BEB29E217FA00DC2020;
					};
					E4781C0B29E217FB00DC2020 = {
						CreatedOnToolsVersion = 14.3;
						TestTargetID = E4781BEB29E217FA00DC2020;
					};
				};
			};
			buildConfigurationList = E4781BE729E217FA00DC2020 /* Build configuration list for PBXProject "hundred-days-with-swiftui" */;
			compatibilityVersion = "Xcode 14.0";
			developmentRegion = en;
			hasScannedForEncodings = 0;
			knownRegions = (
				en,
				Base,
			);
			mainGroup = E4781BE329E217FA00DC2020;
			productRefGroup = E4781BED29E217FA00DC2020 /* Products */;
			projectDirPath = "";
			projectRoot = "";
			targets = (
				E4781BEB29E217FA00DC2020 /* hundred-days-with-swiftui */,
				E4781C0129E217FB00DC2020 /* hundred-days-with-swiftuiTests */,
				E4781C0B29E217FB00DC2020 /* hundred-days-with-swiftuiUITests */,
			);
		};
/* End PBXProject section */

/* Begin PBXResourcesBuildPhase section */
		E4781BEA29E217FA00DC2020 /* Resources */ = {
			isa = PBXResourcesBuildPhase;
			buildActionMask = 2147483647;
			files = (
				E4781BFD29E217FB00DC2020 /* Preview Assets.xcassets in Resources */,
				E42AEF332A5101920036AD1B /* start.txt in Resources */,
				E42AEF2D2A50D5C20036AD1B /* BetterRest.csv in Resources */,
				E4781BF929E217FB00DC2020 /* Assets.xcassets in Resources */,
			);
			runOnlyForDeploymentPostprocessing = 0;
		};
		E4781C0029E217FB00DC2020 /* Resources */ = {
			isa = PBXResourcesBuildPhase;
			buildActionMask = 2147483647;
			files = (
			);
			runOnlyForDeploymentPostprocessing = 0;
		};
		E4781C0A29E217FB00DC2020 /* Resources */ = {
			isa = PBXResourcesBuildPhase;
			buildActionMask = 2147483647;
			files = (
			);
			runOnlyForDeploymentPostprocessing = 0;
		};
/* End PBXResourcesBuildPhase section */

/* Begin PBXSourcesBuildPhase section */
		E4781BE829E217FA00DC2020 /* Sources */ = {
			isa = PBXSourcesBuildPhase;
			buildActionMask = 2147483647;
			files = (
				E4EDC8A329FB5CDA00E1E134 /* TemperatureConverterView.swift in Sources */,
				E450BEAE2AD465AA00D92B8A /* iExpenseAppView.swift in Sources */,
				E4781BF029E217FA00DC2020 /* hundred_days_with_swiftuiApp.swift in Sources */,
				E4EDC8A629FB607400E1E134 /* GuessTheFlagLearningPointsView.swift in Sources */,
				E4FE4E8729F77C29002EF2AF /* UnitConverterAppView.swift in Sources */,
				E4781BF229E217FA00DC2020 /* Persistence.swift in Sources */,
				E42AEF312A5101810036AD1B /* WordScrambleAppView.swift in Sources */,
				E42537C029EE3FAE00C48E34 /* WeSplitLearningPointsView.swift in Sources */,
				E400E4692A19A50F00A38FCF /* TechnicalProjectAppView.swift in Sources */,
				E4781BF729E217FA00DC2020 /* WeSplitAppContentView.swift in Sources */,
				E4EE78762A1C64E400B49F3C /* RockPaperScissorsAppView.swift in Sources */,
				E42AEF362A525F080036AD1B /* AnimationsAppView.swift in Sources */,
				E42AEF3B2A63097D0036AD1B /* MultiplyTablesGameAppView.swift in Sources */,
				E42AEF2A2A50D4150036AD1B /* BetterRestAppView.swift in Sources */,
				E4EDC8A829FB642600E1E134 /* GuessTheFlagAppView.swift in Sources */,
				E450BEB02AD46CF300D92B8A /* iExpenseSecondAppView.swift in Sources */,
				E4781BF529E217FA00DC2020 /* hundred_days_with_swiftui.xcdatamodeld in Sources */,
				E42AEF2E2A50D5C20036AD1B /* SleepCalculator.mlmodel in Sources */,
			);
			runOnlyForDeploymentPostprocessing = 0;
		};
		E4781BFE29E217FB00DC2020 /* Sources */ = {
			isa = PBXSourcesBuildPhase;
			buildActionMask = 2147483647;
			files = (
				E4781C0729E217FB00DC2020 /* hundred_days_with_swiftuiTests.swift in Sources */,
			);
			runOnlyForDeploymentPostprocessing = 0;
		};
		E4781C0829E217FB00DC2020 /* Sources */ = {
			isa = PBXSourcesBuildPhase;
			buildActionMask = 2147483647;
			files = (
				E4781C1329E217FB00DC2020 /* hundred_days_with_swiftuiUITestsLaunchTests.swift in Sources */,
				E4781C1129E217FB00DC2020 /* hundred_days_with_swiftuiUITests.swift in Sources */,
			);
			runOnlyForDeploymentPostprocessing = 0;
		};
/* End PBXSourcesBuildPhase section */

/* Begin PBXTargetDependency section */
		E4781C0429E217FB00DC2020 /* PBXTargetDependency */ = {
			isa = PBXTargetDependency;
			target = E4781BEB29E217FA00DC2020 /* hundred-days-with-swiftui */;
			targetProxy = E4781C0329E217FB00DC2020 /* PBXContainerItemProxy */;
		};
		E4781C0E29E217FB00DC2020 /* PBXTargetDependency */ = {
			isa = PBXTargetDependency;
			target = E4781BEB29E217FA00DC2020 /* hundred-days-with-swiftui */;
			targetProxy = E4781C0D29E217FB00DC2020 /* PBXContainerItemProxy */;
		};
/* End PBXTargetDependency section */

/* Begin XCBuildConfiguration section */
		E4781C1429E217FB00DC2020 /* Debug */ = {
			isa = XCBuildConfiguration;
			buildSettings = {
				ALWAYS_SEARCH_USER_PATHS = NO;
				CLANG_ANALYZER_NONNULL = YES;
				CLANG_ANALYZER_NUMBER_OBJECT_CONVERSION = YES_AGGRESSIVE;
				CLANG_CXX_LANGUAGE_STANDARD = "gnu++20";
				CLANG_ENABLE_MODULES = YES;
				CLANG_ENABLE_OBJC_ARC = YES;
				CLANG_ENABLE_OBJC_WEAK = YES;
				CLANG_WARN_BLOCK_CAPTURE_AUTORELEASING = YES;
				CLANG_WARN_BOOL_CONVERSION = YES;
				CLANG_WARN_COMMA = YES;
				CLANG_WARN_CONSTANT_CONVERSION = YES;
				CLANG_WARN_DEPRECATED_OBJC_IMPLEMENTATIONS = YES;
				CLANG_WARN_DIRECT_OBJC_ISA_USAGE = YES_ERROR;
				CLANG_WARN_DOCUMENTATION_COMMENTS = YES;
				CLANG_WARN_EMPTY_BODY = YES;
				CLANG_WARN_ENUM_CONVERSION = YES;
				CLANG_WARN_INFINITE_RECURSION = YES;
				CLANG_WARN_INT_CONVERSION = YES;
				CLANG_WARN_NON_LITERAL_NULL_CONVERSION = YES;
				CLANG_WARN_OBJC_IMPLICIT_RETAIN_SELF = YES;
				CLANG_WARN_OBJC_LITERAL_CONVERSION = YES;
				CLANG_WARN_OBJC_ROOT_CLASS = YES_ERROR;
				CLANG_WARN_QUOTED_INCLUDE_IN_FRAMEWORK_HEADER = YES;
				CLANG_WARN_RANGE_LOOP_ANALYSIS = YES;
				CLANG_WARN_STRICT_PROTOTYPES = YES;
				CLANG_WARN_SUSPICIOUS_MOVE = YES;
				CLANG_WARN_UNGUARDED_AVAILABILITY = YES_AGGRESSIVE;
				CLANG_WARN_UNREACHABLE_CODE = YES;
				CLANG_WARN__DUPLICATE_METHOD_MATCH = YES;
				COPY_PHASE_STRIP = NO;
				DEAD_CODE_STRIPPING = YES;
				DEBUG_INFORMATION_FORMAT = dwarf;
				ENABLE_STRICT_OBJC_MSGSEND = YES;
				ENABLE_TESTABILITY = YES;
				ENABLE_USER_SCRIPT_SANDBOXING = YES;
				GCC_C_LANGUAGE_STANDARD = gnu11;
				GCC_DYNAMIC_NO_PIC = NO;
				GCC_NO_COMMON_BLOCKS = YES;
				GCC_OPTIMIZATION_LEVEL = 0;
				GCC_PREPROCESSOR_DEFINITIONS = (
					"DEBUG=1",
					"$(inherited)",
				);
				GCC_WARN_64_TO_32_BIT_CONVERSION = YES;
				GCC_WARN_ABOUT_RETURN_TYPE = YES_ERROR;
				GCC_WARN_UNDECLARED_SELECTOR = YES;
				GCC_WARN_UNINITIALIZED_AUTOS = YES_AGGRESSIVE;
				GCC_WARN_UNUSED_FUNCTION = YES;
				GCC_WARN_UNUSED_VARIABLE = YES;
				MTL_ENABLE_DEBUG_INFO = INCLUDE_SOURCE;
				MTL_FAST_MATH = YES;
				ONLY_ACTIVE_ARCH = YES;
				SWIFT_ACTIVE_COMPILATION_CONDITIONS = DEBUG;
				SWIFT_OPTIMIZATION_LEVEL = "-Onone";
			};
			name = Debug;
		};
		E4781C1529E217FB00DC2020 /* Release */ = {
			isa = XCBuildConfiguration;
			buildSettings = {
				ALWAYS_SEARCH_USER_PATHS = NO;
				CLANG_ANALYZER_NONNULL = YES;
				CLANG_ANALYZER_NUMBER_OBJECT_CONVERSION = YES_AGGRESSIVE;
				CLANG_CXX_LANGUAGE_STANDARD = "gnu++20";
				CLANG_ENABLE_MODULES = YES;
				CLANG_ENABLE_OBJC_ARC = YES;
				CLANG_ENABLE_OBJC_WEAK = YES;
				CLANG_WARN_BLOCK_CAPTURE_AUTORELEASING = YES;
				CLANG_WARN_BOOL_CONVERSION = YES;
				CLANG_WARN_COMMA = YES;
				CLANG_WARN_CONSTANT_CONVERSION = YES;
				CLANG_WARN_DEPRECATED_OBJC_IMPLEMENTATIONS = YES;
				CLANG_WARN_DIRECT_OBJC_ISA_USAGE = YES_ERROR;
				CLANG_WARN_DOCUMENTATION_COMMENTS = YES;
				CLANG_WARN_EMPTY_BODY = YES;
				CLANG_WARN_ENUM_CONVERSION = YES;
				CLANG_WARN_INFINITE_RECURSION = YES;
				CLANG_WARN_INT_CONVERSION = YES;
				CLANG_WARN_NON_LITERAL_NULL_CONVERSION = YES;
				CLANG_WARN_OBJC_IMPLICIT_RETAIN_SELF = YES;
				CLANG_WARN_OBJC_LITERAL_CONVERSION = YES;
				CLANG_WARN_OBJC_ROOT_CLASS = YES_ERROR;
				CLANG_WARN_QUOTED_INCLUDE_IN_FRAMEWORK_HEADER = YES;
				CLANG_WARN_RANGE_LOOP_ANALYSIS = YES;
				CLANG_WARN_STRICT_PROTOTYPES = YES;
				CLANG_WARN_SUSPICIOUS_MOVE = YES;
				CLANG_WARN_UNGUARDED_AVAILABILITY = YES_AGGRESSIVE;
				CLANG_WARN_UNREACHABLE_CODE = YES;
				CLANG_WARN__DUPLICATE_METHOD_MATCH = YES;
				COPY_PHASE_STRIP = NO;
				DEAD_CODE_STRIPPING = YES;
				DEBUG_INFORMATION_FORMAT = "dwarf-with-dsym";
				ENABLE_NS_ASSERTIONS = NO;
				ENABLE_STRICT_OBJC_MSGSEND = YES;
				ENABLE_USER_SCRIPT_SANDBOXING = YES;
				GCC_C_LANGUAGE_STANDARD = gnu11;
				GCC_NO_COMMON_BLOCKS = YES;
				GCC_WARN_64_TO_32_BIT_CONVERSION = YES;
				GCC_WARN_ABOUT_RETURN_TYPE = YES_ERROR;
				GCC_WARN_UNDECLARED_SELECTOR = YES;
				GCC_WARN_UNINITIALIZED_AUTOS = YES_AGGRESSIVE;
				GCC_WARN_UNUSED_FUNCTION = YES;
				GCC_WARN_UNUSED_VARIABLE = YES;
				MTL_ENABLE_DEBUG_INFO = NO;
				MTL_FAST_MATH = YES;
				SWIFT_COMPILATION_MODE = wholemodule;
				SWIFT_OPTIMIZATION_LEVEL = "-O";
			};
			name = Release;
		};
		E4781C1729E217FB00DC2020 /* Debug */ = {
			isa = XCBuildConfiguration;
			buildSettings = {
				ASSETCATALOG_COMPILER_APPICON_NAME = AppIcon;
				ASSETCATALOG_COMPILER_GLOBAL_ACCENT_COLOR_NAME = AccentColor;
				CODE_SIGN_ENTITLEMENTS = "hundred-days-with-swiftui/hundred_days_with_swiftui.entitlements";
				CODE_SIGN_STYLE = Automatic;
				CURRENT_PROJECT_VERSION = 1;
				DEAD_CODE_STRIPPING = YES;
				DEVELOPMENT_ASSET_PATHS = "\"hundred-days-with-swiftui/Preview Content\"";
				DEVELOPMENT_TEAM = A2HV83CQ65;
				ENABLE_HARDENED_RUNTIME = YES;
				ENABLE_PREVIEWS = YES;
				GENERATE_INFOPLIST_FILE = YES;
				"INFOPLIST_KEY_UIApplicationSceneManifest_Generation[sdk=iphoneos*]" = YES;
				"INFOPLIST_KEY_UIApplicationSceneManifest_Generation[sdk=iphonesimulator*]" = YES;
				"INFOPLIST_KEY_UIApplicationSupportsIndirectInputEvents[sdk=iphoneos*]" = YES;
				"INFOPLIST_KEY_UIApplicationSupportsIndirectInputEvents[sdk=iphonesimulator*]" = YES;
				"INFOPLIST_KEY_UILaunchScreen_Generation[sdk=iphoneos*]" = YES;
				"INFOPLIST_KEY_UILaunchScreen_Generation[sdk=iphonesimulator*]" = YES;
				"INFOPLIST_KEY_UIStatusBarStyle[sdk=iphoneos*]" = UIStatusBarStyleDefault;
				"INFOPLIST_KEY_UIStatusBarStyle[sdk=iphonesimulator*]" = UIStatusBarStyleDefault;
				INFOPLIST_KEY_UISupportedInterfaceOrientations_iPad = "UIInterfaceOrientationPortrait UIInterfaceOrientationPortraitUpsideDown UIInterfaceOrientationLandscapeLeft UIInterfaceOrientationLandscapeRight";
				INFOPLIST_KEY_UISupportedInterfaceOrientations_iPhone = "UIInterfaceOrientationPortrait UIInterfaceOrientationLandscapeLeft UIInterfaceOrientationLandscapeRight";
				IPHONEOS_DEPLOYMENT_TARGET = 16.4;
				LD_RUNPATH_SEARCH_PATHS = "@executable_path/Frameworks";
				"LD_RUNPATH_SEARCH_PATHS[sdk=macosx*]" = "@executable_path/../Frameworks";
				MACOSX_DEPLOYMENT_TARGET = 13.3;
				MARKETING_VERSION = 1.0;
				PRODUCT_BUNDLE_IDENTIFIER = "com.proastudios.hundred-days-with-swiftui";
				PRODUCT_NAME = "$(TARGET_NAME)";
				SDKROOT = auto;
				SUPPORTED_PLATFORMS = "iphoneos iphonesimulator macosx";
				SWIFT_EMIT_LOC_STRINGS = YES;
				SWIFT_VERSION = 5.0;
				TARGETED_DEVICE_FAMILY = "1,2";
			};
			name = Debug;
		};
		E4781C1829E217FB00DC2020 /* Release */ = {
			isa = XCBuildConfiguration;
			buildSettings = {
				ASSETCATALOG_COMPILER_APPICON_NAME = AppIcon;
				ASSETCATALOG_COMPILER_GLOBAL_ACCENT_COLOR_NAME = AccentColor;
				CODE_SIGN_ENTITLEMENTS = "hundred-days-with-swiftui/hundred_days_with_swiftui.entitlements";
				CODE_SIGN_STYLE = Automatic;
				CURRENT_PROJECT_VERSION = 1;
				DEAD_CODE_STRIPPING = YES;
				DEVELOPMENT_ASSET_PATHS = "\"hundred-days-with-swiftui/Preview Content\"";
				DEVELOPMENT_TEAM = A2HV83CQ65;
				ENABLE_HARDENED_RUNTIME = YES;
				ENABLE_PREVIEWS = YES;
				GENERATE_INFOPLIST_FILE = YES;
				"INFOPLIST_KEY_UIApplicationSceneManifest_Generation[sdk=iphoneos*]" = YES;
				"INFOPLIST_KEY_UIApplicationSceneManifest_Generation[sdk=iphonesimulator*]" = YES;
				"INFOPLIST_KEY_UIApplicationSupportsIndirectInputEvents[sdk=iphoneos*]" = YES;
				"INFOPLIST_KEY_UIApplicationSupportsIndirectInputEvents[sdk=iphonesimulator*]" = YES;
				"INFOPLIST_KEY_UILaunchScreen_Generation[sdk=iphoneos*]" = YES;
				"INFOPLIST_KEY_UILaunchScreen_Generation[sdk=iphonesimulator*]" = YES;
				"INFOPLIST_KEY_UIStatusBarStyle[sdk=iphoneos*]" = UIStatusBarStyleDefault;
				"INFOPLIST_KEY_UIStatusBarStyle[sdk=iphonesimulator*]" = UIStatusBarStyleDefault;
				INFOPLIST_KEY_UISupportedInterfaceOrientations_iPad = "UIInterfaceOrientationPortrait UIInterfaceOrientationPortraitUpsideDown UIInterfaceOrientationLandscapeLeft UIInterfaceOrientationLandscapeRight";
				INFOPLIST_KEY_UISupportedInterfaceOrientations_iPhone = "UIInterfaceOrientationPortrait UIInterfaceOrientationLandscapeLeft UIInterfaceOrientationLandscapeRight";
				IPHONEOS_DEPLOYMENT_TARGET = 16.4;
				LD_RUNPATH_SEARCH_PATHS = "@executable_path/Frameworks";
				"LD_RUNPATH_SEARCH_PATHS[sdk=macosx*]" = "@executable_path/../Frameworks";
				MACOSX_DEPLOYMENT_TARGET = 13.3;
				MARKETING_VERSION = 1.0;
				PRODUCT_BUNDLE_IDENTIFIER = "com.proastudios.hundred-days-with-swiftui";
				PRODUCT_NAME = "$(TARGET_NAME)";
				SDKROOT = auto;
				SUPPORTED_PLATFORMS = "iphoneos iphonesimulator macosx";
				SWIFT_EMIT_LOC_STRINGS = YES;
				SWIFT_VERSION = 5.0;
				TARGETED_DEVICE_FAMILY = "1,2";
			};
			name = Release;
		};
		E4781C1A29E217FB00DC2020 /* Debug */ = {
			isa = XCBuildConfiguration;
			buildSettings = {
				ALWAYS_EMBED_SWIFT_STANDARD_LIBRARIES = YES;
				BUNDLE_LOADER = "$(TEST_HOST)";
				CODE_SIGN_STYLE = Automatic;
				CURRENT_PROJECT_VERSION = 1;
				DEAD_CODE_STRIPPING = YES;
				DEVELOPMENT_TEAM = A2HV83CQ65;
				GENERATE_INFOPLIST_FILE = YES;
				IPHONEOS_DEPLOYMENT_TARGET = 16.4;
				MACOSX_DEPLOYMENT_TARGET = 13.3;
				MARKETING_VERSION = 1.0;
				PRODUCT_BUNDLE_IDENTIFIER = "com.proastudios.hundred-days-with-swiftuiTests";
				PRODUCT_NAME = "$(TARGET_NAME)";
				SDKROOT = auto;
				SUPPORTED_PLATFORMS = "iphoneos iphonesimulator macosx";
				SWIFT_EMIT_LOC_STRINGS = NO;
				SWIFT_VERSION = 5.0;
				TARGETED_DEVICE_FAMILY = "1,2";
				TEST_HOST = "$(BUILT_PRODUCTS_DIR)/hundred-days-with-swiftui.app/$(BUNDLE_EXECUTABLE_FOLDER_PATH)/hundred-days-with-swiftui";
			};
			name = Debug;
		};
		E4781C1B29E217FB00DC2020 /* Release */ = {
			isa = XCBuildConfiguration;
			buildSettings = {
				ALWAYS_EMBED_SWIFT_STANDARD_LIBRARIES = YES;
				BUNDLE_LOADER = "$(TEST_HOST)";
				CODE_SIGN_STYLE = Automatic;
				CURRENT_PROJECT_VERSION = 1;
				DEAD_CODE_STRIPPING = YES;
				DEVELOPMENT_TEAM = A2HV83CQ65;
				GENERATE_INFOPLIST_FILE = YES;
				IPHONEOS_DEPLOYMENT_TARGET = 16.4;
				MACOSX_DEPLOYMENT_TARGET = 13.3;
				MARKETING_VERSION = 1.0;
				PRODUCT_BUNDLE_IDENTIFIER = "com.proastudios.hundred-days-with-swiftuiTests";
				PRODUCT_NAME = "$(TARGET_NAME)";
				SDKROOT = auto;
				SUPPORTED_PLATFORMS = "iphoneos iphonesimulator macosx";
				SWIFT_EMIT_LOC_STRINGS = NO;
				SWIFT_VERSION = 5.0;
				TARGETED_DEVICE_FAMILY = "1,2";
				TEST_HOST = "$(BUILT_PRODUCTS_DIR)/hundred-days-with-swiftui.app/$(BUNDLE_EXECUTABLE_FOLDER_PATH)/hundred-days-with-swiftui";
			};
			name = Release;
		};
		E4781C1D29E217FB00DC2020 /* Debug */ = {
			isa = XCBuildConfiguration;
			buildSettings = {
				ALWAYS_EMBED_SWIFT_STANDARD_LIBRARIES = YES;
				CODE_SIGN_STYLE = Automatic;
				CURRENT_PROJECT_VERSION = 1;
				DEAD_CODE_STRIPPING = YES;
				DEVELOPMENT_TEAM = A2HV83CQ65;
				GENERATE_INFOPLIST_FILE = YES;
				IPHONEOS_DEPLOYMENT_TARGET = 16.4;
				MACOSX_DEPLOYMENT_TARGET = 13.3;
				MARKETING_VERSION = 1.0;
				PRODUCT_BUNDLE_IDENTIFIER = "com.proastudios.hundred-days-with-swiftuiUITests";
				PRODUCT_NAME = "$(TARGET_NAME)";
				SDKROOT = auto;
				SUPPORTED_PLATFORMS = "iphoneos iphonesimulator macosx";
				SWIFT_EMIT_LOC_STRINGS = NO;
				SWIFT_VERSION = 5.0;
				TARGETED_DEVICE_FAMILY = "1,2";
				TEST_TARGET_NAME = "hundred-days-with-swiftui";
			};
			name = Debug;
		};
		E4781C1E29E217FB00DC2020 /* Release */ = {
			isa = XCBuildConfiguration;
			buildSettings = {
				ALWAYS_EMBED_SWIFT_STANDARD_LIBRARIES = YES;
				CODE_SIGN_STYLE = Automatic;
				CURRENT_PROJECT_VERSION = 1;
				DEAD_CODE_STRIPPING = YES;
				DEVELOPMENT_TEAM = A2HV83CQ65;
				GENERATE_INFOPLIST_FILE = YES;
				IPHONEOS_DEPLOYMENT_TARGET = 16.4;
				MACOSX_DEPLOYMENT_TARGET = 13.3;
				MARKETING_VERSION = 1.0;
				PRODUCT_BUNDLE_IDENTIFIER = "com.proastudios.hundred-days-with-swiftuiUITests";
				PRODUCT_NAME = "$(TARGET_NAME)";
				SDKROOT = auto;
				SUPPORTED_PLATFORMS = "iphoneos iphonesimulator macosx";
				SWIFT_EMIT_LOC_STRINGS = NO;
				SWIFT_VERSION = 5.0;
				TARGETED_DEVICE_FAMILY = "1,2";
				TEST_TARGET_NAME = "hundred-days-with-swiftui";
			};
			name = Release;
		};
/* End XCBuildConfiguration section */

/* Begin XCConfigurationList section */
		E4781BE729E217FA00DC2020 /* Build configuration list for PBXProject "hundred-days-with-swiftui" */ = {
			isa = XCConfigurationList;
			buildConfigurations = (
				E4781C1429E217FB00DC2020 /* Debug */,
				E4781C1529E217FB00DC2020 /* Release */,
			);
			defaultConfigurationIsVisible = 0;
			defaultConfigurationName = Release;
		};
		E4781C1629E217FB00DC2020 /* Build configuration list for PBXNativeTarget "hundred-days-with-swiftui" */ = {
			isa = XCConfigurationList;
			buildConfigurations = (
				E4781C1729E217FB00DC2020 /* Debug */,
				E4781C1829E217FB00DC2020 /* Release */,
			);
			defaultConfigurationIsVisible = 0;
			defaultConfigurationName = Release;
		};
		E4781C1929E217FB00DC2020 /* Build configuration list for PBXNativeTarget "hundred-days-with-swiftuiTests" */ = {
			isa = XCConfigurationList;
			buildConfigurations = (
				E4781C1A29E217FB00DC2020 /* Debug */,
				E4781C1B29E217FB00DC2020 /* Release */,
			);
			defaultConfigurationIsVisible = 0;
			defaultConfigurationName = Release;
		};
		E4781C1C29E217FB00DC2020 /* Build configuration list for PBXNativeTarget "hundred-days-with-swiftuiUITests" */ = {
			isa = XCConfigurationList;
			buildConfigurations = (
				E4781C1D29E217FB00DC2020 /* Debug */,
				E4781C1E29E217FB00DC2020 /* Release */,
			);
			defaultConfigurationIsVisible = 0;
			defaultConfigurationName = Release;
		};
/* End XCConfigurationList section */

/* Begin XCVersionGroup section */
		E4781BF329E217FA00DC2020 /* hundred_days_with_swiftui.xcdatamodeld */ = {
			isa = XCVersionGroup;
			children = (
				E4781BF429E217FA00DC2020 /* hundred_days_with_swiftui.xcdatamodel */,
			);
			currentVersion = E4781BF429E217FA00DC2020 /* hundred_days_with_swiftui.xcdatamodel */;
			path = hundred_days_with_swiftui.xcdatamodeld;
			sourceTree = "<group>";
			versionGroupType = wrapper.xcdatamodel;
		};
/* End XCVersionGroup section */
	};
	rootObject = E4781BE429E217FA00DC2020 /* Project object */;
}
